// !$*UTF8*$!
{
	archiveVersion = 1;
	classes = {
	};
	objectVersion = 50;
	objects = {

/* Begin PBXBuildFile section */
		14536BBD46B7A07644E977DF /* Pods_showoffTest.framework in Frameworks */ = {isa = PBXBuildFile; fileRef = BD40AECCC7448648C7DA5C12 /* Pods_showoffTest.framework */; };
		C12FED3620ED465100856315 /* AppDelegate.swift in Sources */ = {isa = PBXBuildFile; fileRef = C12FED3520ED465100856315 /* AppDelegate.swift */; };
		C12FED3820ED465100856315 /* ViewController.swift in Sources */ = {isa = PBXBuildFile; fileRef = C12FED3720ED465100856315 /* ViewController.swift */; };
		C12FED3B20ED465100856315 /* Main.storyboard in Resources */ = {isa = PBXBuildFile; fileRef = C12FED3920ED465100856315 /* Main.storyboard */; };
		C12FED3D20ED465200856315 /* Assets.xcassets in Resources */ = {isa = PBXBuildFile; fileRef = C12FED3C20ED465200856315 /* Assets.xcassets */; };
		C12FED4020ED465200856315 /* LaunchScreen.storyboard in Resources */ = {isa = PBXBuildFile; fileRef = C12FED3E20ED465200856315 /* LaunchScreen.storyboard */; };
		C12FED4C20ED7EBB00856315 /* LoginViewController.swift in Sources */ = {isa = PBXBuildFile; fileRef = C12FED4B20ED7EBB00856315 /* LoginViewController.swift */; };
		C1915BDF20F55E8100531033 /* ImageViewController.swift in Sources */ = {isa = PBXBuildFile; fileRef = C1915BDE20F55E8100531033 /* ImageViewController.swift */; };
		C198D4B720F4297600C62980 /* LogoutViewController.swift in Sources */ = {isa = PBXBuildFile; fileRef = C198D4B620F4297600C62980 /* LogoutViewController.swift */; };
		C1B6768D20EFD4180087DC19 /* UserPageViewController.swift in Sources */ = {isa = PBXBuildFile; fileRef = C1B6768C20EFD4180087DC19 /* UserPageViewController.swift */; };
		C1B6768F20EFD7270087DC19 /* Constants.swift in Sources */ = {isa = PBXBuildFile; fileRef = C1B6768E20EFD7270087DC19 /* Constants.swift */; };
		C1C5338E20F43B39003CDE67 /* CollectionViewCell.swift in Sources */ = {isa = PBXBuildFile; fileRef = C1C5338D20F43B39003CDE67 /* CollectionViewCell.swift */; };
/* End PBXBuildFile section */

/* Begin PBXFileReference section */
		75FE1472DB4FE37688B2F622 /* Pods-showoffTest.release.xcconfig */ = {isa = PBXFileReference; includeInIndex = 1; lastKnownFileType = text.xcconfig; name = "Pods-showoffTest.release.xcconfig"; path = "Pods/Target Support Files/Pods-showoffTest/Pods-showoffTest.release.xcconfig"; sourceTree = "<group>"; };
		BD40AECCC7448648C7DA5C12 /* Pods_showoffTest.framework */ = {isa = PBXFileReference; explicitFileType = wrapper.framework; includeInIndex = 0; path = Pods_showoffTest.framework; sourceTree = BUILT_PRODUCTS_DIR; };
		C12FED3220ED465100856315 /* showoffTestV4.app */ = {isa = PBXFileReference; explicitFileType = wrapper.application; includeInIndex = 0; path = showoffTestV4.app; sourceTree = BUILT_PRODUCTS_DIR; };
		C12FED3520ED465100856315 /* AppDelegate.swift */ = {isa = PBXFileReference; lastKnownFileType = sourcecode.swift; path = AppDelegate.swift; sourceTree = "<group>"; };
		C12FED3720ED465100856315 /* ViewController.swift */ = {isa = PBXFileReference; lastKnownFileType = sourcecode.swift; path = ViewController.swift; sourceTree = "<group>"; };
		C12FED3A20ED465100856315 /* Base */ = {isa = PBXFileReference; lastKnownFileType = file.storyboard; name = Base; path = Base.lproj/Main.storyboard; sourceTree = "<group>"; };
		C12FED3C20ED465200856315 /* Assets.xcassets */ = {isa = PBXFileReference; lastKnownFileType = folder.assetcatalog; path = Assets.xcassets; sourceTree = "<group>"; };
		C12FED3F20ED465200856315 /* Base */ = {isa = PBXFileReference; lastKnownFileType = file.storyboard; name = Base; path = Base.lproj/LaunchScreen.storyboard; sourceTree = "<group>"; };
		C12FED4120ED465200856315 /* Info.plist */ = {isa = PBXFileReference; lastKnownFileType = text.plist.xml; path = Info.plist; sourceTree = "<group>"; };
		C12FED4B20ED7EBB00856315 /* LoginViewController.swift */ = {isa = PBXFileReference; lastKnownFileType = sourcecode.swift; path = LoginViewController.swift; sourceTree = "<group>"; };
		C1915BDE20F55E8100531033 /* ImageViewController.swift */ = {isa = PBXFileReference; lastKnownFileType = sourcecode.swift; path = ImageViewController.swift; sourceTree = "<group>"; };
		C198D4B620F4297600C62980 /* LogoutViewController.swift */ = {isa = PBXFileReference; lastKnownFileType = sourcecode.swift; path = LogoutViewController.swift; sourceTree = "<group>"; };
		C1B6768C20EFD4180087DC19 /* UserPageViewController.swift */ = {isa = PBXFileReference; lastKnownFileType = sourcecode.swift; path = UserPageViewController.swift; sourceTree = "<group>"; };
		C1B6768E20EFD7270087DC19 /* Constants.swift */ = {isa = PBXFileReference; lastKnownFileType = sourcecode.swift; path = Constants.swift; sourceTree = "<group>"; };
		C1C5338D20F43B39003CDE67 /* CollectionViewCell.swift */ = {isa = PBXFileReference; lastKnownFileType = sourcecode.swift; path = CollectionViewCell.swift; sourceTree = "<group>"; };
		CB0E9BBBF732FE850747434D /* Pods-showoffTest.debug.xcconfig */ = {isa = PBXFileReference; includeInIndex = 1; lastKnownFileType = text.xcconfig; name = "Pods-showoffTest.debug.xcconfig"; path = "Pods/Target Support Files/Pods-showoffTest/Pods-showoffTest.debug.xcconfig"; sourceTree = "<group>"; };
/* End PBXFileReference section */

/* Begin PBXFrameworksBuildPhase section */
		C12FED2F20ED465100856315 /* Frameworks */ = {
			isa = PBXFrameworksBuildPhase;
			buildActionMask = 2147483647;
			files = (
				14536BBD46B7A07644E977DF /* Pods_showoffTest.framework in Frameworks */,
			);
			runOnlyForDeploymentPostprocessing = 0;
		};
/* End PBXFrameworksBuildPhase section */

/* Begin PBXGroup section */
		705B4EEE93D1BEC9D2A78415 /* Pods */ = {
			isa = PBXGroup;
			children = (
				CB0E9BBBF732FE850747434D /* Pods-showoffTest.debug.xcconfig */,
				75FE1472DB4FE37688B2F622 /* Pods-showoffTest.release.xcconfig */,
			);
			name = Pods;
			sourceTree = "<group>";
		};
		A62211EB678F185D89E991F2 /* Frameworks */ = {
			isa = PBXGroup;
			children = (
				BD40AECCC7448648C7DA5C12 /* Pods_showoffTest.framework */,
			);
			name = Frameworks;
			sourceTree = "<group>";
		};
		C12FED2920ED465100856315 = {
			isa = PBXGroup;
			children = (
				C12FED3420ED465100856315 /* showoffInstagramTest */,
				C12FED3320ED465100856315 /* Products */,
				705B4EEE93D1BEC9D2A78415 /* Pods */,
				A62211EB678F185D89E991F2 /* Frameworks */,
			);
			sourceTree = "<group>";
		};
		C12FED3320ED465100856315 /* Products */ = {
			isa = PBXGroup;
			children = (
				C12FED3220ED465100856315 /* showoffTestV4.app */,
			);
			name = Products;
			sourceTree = "<group>";
		};
		C12FED3420ED465100856315 /* showoffInstagramTest */ = {
			isa = PBXGroup;
			children = (
				C12FED3520ED465100856315 /* AppDelegate.swift */,
				C12FED3720ED465100856315 /* ViewController.swift */,
				C1B6768E20EFD7270087DC19 /* Constants.swift */,
				C12FED3920ED465100856315 /* Main.storyboard */,
				C1915BDE20F55E8100531033 /* ImageViewController.swift */,
				C12FED4B20ED7EBB00856315 /* LoginViewController.swift */,
				C198D4B620F4297600C62980 /* LogoutViewController.swift */,
				C1B6768C20EFD4180087DC19 /* UserPageViewController.swift */,
				C1C5338D20F43B39003CDE67 /* CollectionViewCell.swift */,
				C12FED3C20ED465200856315 /* Assets.xcassets */,
				C12FED3E20ED465200856315 /* LaunchScreen.storyboard */,
				C12FED4120ED465200856315 /* Info.plist */,
			);
			path = showoffInstagramTest;
			sourceTree = "<group>";
		};
/* End PBXGroup section */

/* Begin PBXNativeTarget section */
		C12FED3120ED465100856315 /* showoffTestV4 */ = {
			isa = PBXNativeTarget;
			buildConfigurationList = C12FED4420ED465200856315 /* Build configuration list for PBXNativeTarget "showoffTestV4" */;
			buildPhases = (
				4372092B121502F8F5C33977 /* [CP] Check Pods Manifest.lock */,
				C12FED2E20ED465100856315 /* Sources */,
				C12FED2F20ED465100856315 /* Frameworks */,
				C12FED3020ED465100856315 /* Resources */,
				29FA18EADD0A91F03EFE939C /* [CP] Embed Pods Frameworks */,
			);
			buildRules = (
			);
			dependencies = (
			);
			name = showoffTestV4;
			productName = showoffInstagramTest;
			productReference = C12FED3220ED465100856315 /* showoffTestV4.app */;
			productType = "com.apple.product-type.application";
		};
/* End PBXNativeTarget section */

/* Begin PBXProject section */
		C12FED2A20ED465100856315 /* Project object */ = {
			isa = PBXProject;
			attributes = {
				LastSwiftUpdateCheck = 0940;
				LastUpgradeCheck = 0940;
				ORGANIZATIONNAME = ElaineCo;
				TargetAttributes = {
					C12FED3120ED465100856315 = {
						CreatedOnToolsVersion = 9.4.1;
					};
				};
			};
			buildConfigurationList = C12FED2D20ED465100856315 /* Build configuration list for PBXProject "showoffTestV4" */;
			compatibilityVersion = "Xcode 9.3";
			developmentRegion = en;
			hasScannedForEncodings = 0;
			knownRegions = (
				en,
				Base,
			);
			mainGroup = C12FED2920ED465100856315;
			productRefGroup = C12FED3320ED465100856315 /* Products */;
			projectDirPath = "";
			projectRoot = "";
			targets = (
				C12FED3120ED465100856315 /* showoffTestV4 */,
			);
		};
/* End PBXProject section */

/* Begin PBXResourcesBuildPhase section */
		C12FED3020ED465100856315 /* Resources */ = {
			isa = PBXResourcesBuildPhase;
			buildActionMask = 2147483647;
			files = (
				C12FED4020ED465200856315 /* LaunchScreen.storyboard in Resources */,
				C12FED3D20ED465200856315 /* Assets.xcassets in Resources */,
				C12FED3B20ED465100856315 /* Main.storyboard in Resources */,
			);
			runOnlyForDeploymentPostprocessing = 0;
		};
/* End PBXResourcesBuildPhase section */

/* Begin PBXShellScriptBuildPhase section */
		29FA18EADD0A91F03EFE939C /* [CP] Embed Pods Frameworks */ = {
			isa = PBXShellScriptBuildPhase;
			buildActionMask = 2147483647;
			files = (
			);
			inputPaths = (
				"${SRCROOT}/Pods/Target Support Files/Pods-showoffTest/Pods-showoffTest-frameworks.sh",
				"${BUILT_PRODUCTS_DIR}/Alamofire/Alamofire.framework",
				"${BUILT_PRODUCTS_DIR}/SDWebImage/SDWebImage.framework",
				"${BUILT_PRODUCTS_DIR}/SwiftKeychainWrapper/SwiftKeychainWrapper.framework",
				"${BUILT_PRODUCTS_DIR}/SwiftyJSON/SwiftyJSON.framework",
			);
			name = "[CP] Embed Pods Frameworks";
			outputPaths = (
				"${TARGET_BUILD_DIR}/${FRAMEWORKS_FOLDER_PATH}/Alamofire.framework",
				"${TARGET_BUILD_DIR}/${FRAMEWORKS_FOLDER_PATH}/SDWebImage.framework",
				"${TARGET_BUILD_DIR}/${FRAMEWORKS_FOLDER_PATH}/SwiftKeychainWrapper.framework",
				"${TARGET_BUILD_DIR}/${FRAMEWORKS_FOLDER_PATH}/SwiftyJSON.framework",
			);
			runOnlyForDeploymentPostprocessing = 0;
			shellPath = /bin/sh;
			shellScript = "\"${SRCROOT}/Pods/Target Support Files/Pods-showoffTest/Pods-showoffTest-frameworks.sh\"\n";
			showEnvVarsInLog = 0;
		};
		4372092B121502F8F5C33977 /* [CP] Check Pods Manifest.lock */ = {
			isa = PBXShellScriptBuildPhase;
			buildActionMask = 2147483647;
			files = (
			);
			inputPaths = (
				"${PODS_PODFILE_DIR_PATH}/Podfile.lock",
				"${PODS_ROOT}/Manifest.lock",
			);
			name = "[CP] Check Pods Manifest.lock";
			outputPaths = (
				"$(DERIVED_FILE_DIR)/Pods-showoffTest-checkManifestLockResult.txt",
			);
			runOnlyForDeploymentPostprocessing = 0;
			shellPath = /bin/sh;
			shellScript = "diff \"${PODS_PODFILE_DIR_PATH}/Podfile.lock\" \"${PODS_ROOT}/Manifest.lock\" > /dev/null\nif [ $? != 0 ] ; then\n    # print error to STDERR\n    echo \"error: The sandbox is not in sync with the Podfile.lock. Run 'pod install' or update your CocoaPods installation.\" >&2\n    exit 1\nfi\n# This output is used by Xcode 'outputs' to avoid re-running this script phase.\necho \"SUCCESS\" > \"${SCRIPT_OUTPUT_FILE_0}\"\n";
			showEnvVarsInLog = 0;
		};
/* End PBXShellScriptBuildPhase section */

/* Begin PBXSourcesBuildPhase section */
		C12FED2E20ED465100856315 /* Sources */ = {
			isa = PBXSourcesBuildPhase;
			buildActionMask = 2147483647;
			files = (
				C12FED4C20ED7EBB00856315 /* LoginViewController.swift in Sources */,
				C1915BDF20F55E8100531033 /* ImageViewController.swift in Sources */,
				C12FED3820ED465100856315 /* ViewController.swift in Sources */,
				C1C5338E20F43B39003CDE67 /* CollectionViewCell.swift in Sources */,
				C1B6768D20EFD4180087DC19 /* UserPageViewController.swift in Sources */,
				C1B6768F20EFD7270087DC19 /* Constants.swift in Sources */,
				C198D4B720F4297600C62980 /* LogoutViewController.swift in Sources */,
				C12FED3620ED465100856315 /* AppDelegate.swift in Sources */,
			);
			runOnlyForDeploymentPostprocessing = 0;
		};
/* End PBXSourcesBuildPhase section */

/* Begin PBXVariantGroup section */
		C12FED3920ED465100856315 /* Main.storyboard */ = {
			isa = PBXVariantGroup;
			children = (
				C12FED3A20ED465100856315 /* Base */,
			);
			name = Main.storyboard;
			sourceTree = "<group>";
		};
		C12FED3E20ED465200856315 /* LaunchScreen.storyboard */ = {
			isa = PBXVariantGroup;
			children = (
				C12FED3F20ED465200856315 /* Base */,
			);
			name = LaunchScreen.storyboard;
			sourceTree = "<group>";
		};
/* End PBXVariantGroup section */

/* Begin XCBuildConfiguration section */
		C12FED4220ED465200856315 /* Debug */ = {
			isa = XCBuildConfiguration;
			buildSettings = {
				ALWAYS_SEARCH_USER_PATHS = NO;
				CLANG_ANALYZER_NONNULL = YES;
				CLANG_ANALYZER_NUMBER_OBJECT_CONVERSION = YES_AGGRESSIVE;
				CLANG_CXX_LANGUAGE_STANDARD = "gnu++14";
				CLANG_CXX_LIBRARY = "libc++";
				CLANG_ENABLE_MODULES = YES;
				CLANG_ENABLE_OBJC_ARC = YES;
				CLANG_ENABLE_OBJC_WEAK = YES;
				CLANG_WARN_BLOCK_CAPTURE_AUTORELEASING = YES;
				CLANG_WARN_BOOL_CONVERSION = YES;
				CLANG_WARN_COMMA = YES;
				CLANG_WARN_CONSTANT_CONVERSION = YES;
				CLANG_WARN_DEPRECATED_OBJC_IMPLEMENTATIONS = YES;
				CLANG_WARN_DIRECT_OBJC_ISA_USAGE = YES_ERROR;
				CLANG_WARN_DOCUMENTATION_COMMENTS = YES;
				CLANG_WARN_EMPTY_BODY = YES;
				CLANG_WARN_ENUM_CONVERSION = YES;
				CLANG_WARN_INFINITE_RECURSION = YES;
				CLANG_WARN_INT_CONVERSION = YES;
				CLANG_WARN_NON_LITERAL_NULL_CONVERSION = YES;
				CLANG_WARN_OBJC_IMPLICIT_RETAIN_SELF = YES;
				CLANG_WARN_OBJC_LITERAL_CONVERSION = YES;
				CLANG_WARN_OBJC_ROOT_CLASS = YES_ERROR;
				CLANG_WARN_RANGE_LOOP_ANALYSIS = YES;
				CLANG_WARN_STRICT_PROTOTYPES = YES;
				CLANG_WARN_SUSPICIOUS_MOVE = YES;
				CLANG_WARN_UNGUARDED_AVAILABILITY = YES_AGGRESSIVE;
				CLANG_WARN_UNREACHABLE_CODE = YES;
				CLANG_WARN__DUPLICATE_METHOD_MATCH = YES;
				CODE_SIGN_IDENTITY = "iPhone Developer";
				COPY_PHASE_STRIP = NO;
				DEBUG_INFORMATION_FORMAT = dwarf;
				ENABLE_STRICT_OBJC_MSGSEND = YES;
				ENABLE_TESTABILITY = YES;
				GCC_C_LANGUAGE_STANDARD = gnu11;
				GCC_DYNAMIC_NO_PIC = NO;
				GCC_NO_COMMON_BLOCKS = YES;
				GCC_OPTIMIZATION_LEVEL = 0;
				GCC_PREPROCESSOR_DEFINITIONS = (
					"DEBUG=1",
					"$(inherited)",
				);
				GCC_WARN_64_TO_32_BIT_CONVERSION = YES;
				GCC_WARN_ABOUT_RETURN_TYPE = YES_ERROR;
				GCC_WARN_UNDECLARED_SELECTOR = YES;
				GCC_WARN_UNINITIALIZED_AUTOS = YES_AGGRESSIVE;
				GCC_WARN_UNUSED_FUNCTION = YES;
				GCC_WARN_UNUSED_VARIABLE = YES;
				IPHONEOS_DEPLOYMENT_TARGET = 11.4;
				MTL_ENABLE_DEBUG_INFO = YES;
				ONLY_ACTIVE_ARCH = YES;
				SDKROOT = iphoneos;
				SWIFT_ACTIVE_COMPILATION_CONDITIONS = DEBUG;
				SWIFT_OPTIMIZATION_LEVEL = "-Onone";
			};
			name = Debug;
		};
		C12FED4320ED465200856315 /* Release */ = {
			isa = XCBuildConfiguration;
			buildSettings = {
				ALWAYS_SEARCH_USER_PATHS = NO;
				CLANG_ANALYZER_NONNULL = YES;
				CLANG_ANALYZER_NUMBER_OBJECT_CONVERSION = YES_AGGRESSIVE;
				CLANG_CXX_LANGUAGE_STANDARD = "gnu++14";
				CLANG_CXX_LIBRARY = "libc++";
				CLANG_ENABLE_MODULES = YES;
				CLANG_ENABLE_OBJC_ARC = YES;
				CLANG_ENABLE_OBJC_WEAK = YES;
				CLANG_WARN_BLOCK_CAPTURE_AUTORELEASING = YES;
				CLANG_WARN_BOOL_CONVERSION = YES;
				CLANG_WARN_COMMA = YES;
				CLANG_WARN_CONSTANT_CONVERSION = YES;
				CLANG_WARN_DEPRECATED_OBJC_IMPLEMENTATIONS = YES;
				CLANG_WARN_DIRECT_OBJC_ISA_USAGE = YES_ERROR;
				CLANG_WARN_DOCUMENTATION_COMMENTS = YES;
				CLANG_WARN_EMPTY_BODY = YES;
				CLANG_WARN_ENUM_CONVERSION = YES;
				CLANG_WARN_INFINITE_RECURSION = YES;
				CLANG_WARN_INT_CONVERSION = YES;
				CLANG_WARN_NON_LITERAL_NULL_CONVERSION = YES;
				CLANG_WARN_OBJC_IMPLICIT_RETAIN_SELF = YES;
				CLANG_WARN_OBJC_LITERAL_CONVERSION = YES;
				CLANG_WARN_OBJC_ROOT_CLASS = YES_ERROR;
				CLANG_WARN_RANGE_LOOP_ANALYSIS = YES;
				CLANG_WARN_STRICT_PROTOTYPES = YES;
				CLANG_WARN_SUSPICIOUS_MOVE = YES;
				CLANG_WARN_UNGUARDED_AVAILABILITY = YES_AGGRESSIVE;
				CLANG_WARN_UNREACHABLE_CODE = YES;
				CLANG_WARN__DUPLICATE_METHOD_MATCH = YES;
				CODE_SIGN_IDENTITY = "iPhone Developer";
				COPY_PHASE_STRIP = NO;
				DEBUG_INFORMATION_FORMAT = "dwarf-with-dsym";
				ENABLE_NS_ASSERTIONS = NO;
				ENABLE_STRICT_OBJC_MSGSEND = YES;
				GCC_C_LANGUAGE_STANDARD = gnu11;
				GCC_NO_COMMON_BLOCKS = YES;
				GCC_WARN_64_TO_32_BIT_CONVERSION = YES;
				GCC_WARN_ABOUT_RETURN_TYPE = YES_ERROR;
				GCC_WARN_UNDECLARED_SELECTOR = YES;
				GCC_WARN_UNINITIALIZED_AUTOS = YES_AGGRESSIVE;
				GCC_WARN_UNUSED_FUNCTION = YES;
				GCC_WARN_UNUSED_VARIABLE = YES;
				IPHONEOS_DEPLOYMENT_TARGET = 11.4;
				MTL_ENABLE_DEBUG_INFO = NO;
				SDKROOT = iphoneos;
				SWIFT_COMPILATION_MODE = wholemodule;
				SWIFT_OPTIMIZATION_LEVEL = "-O";
				VALIDATE_PRODUCT = YES;
			};
			name = Release;
		};
		C12FED4520ED465200856315 /* Debug */ = {
			isa = XCBuildConfiguration;
			baseConfigurationReference = CB0E9BBBF732FE850747434D /* Pods-showoffTest.debug.xcconfig */;
			buildSettings = {
				ASSETCATALOG_COMPILER_APPICON_NAME = AppIcon;
				CODE_SIGN_STYLE = Automatic;
				DEVELOPMENT_TEAM = 5G93XWC2X6;
				INFOPLIST_FILE = showoffInstagramTest/Info.plist;
				LD_RUNPATH_SEARCH_PATHS = (
					"$(inherited)",
					"@executable_path/Frameworks",
				);
				PRODUCT_BUNDLE_IDENTIFIER = com.ElaineCo.showoffInstagramTestV4;
				PRODUCT_NAME = "$(TARGET_NAME)";
				SWIFT_VERSION = 4.0;
				TARGETED_DEVICE_FAMILY = "1,2";
			};
			name = Debug;
		};
		C12FED4620ED465200856315 /* Release */ = {
			isa = XCBuildConfiguration;
			baseConfigurationReference = 75FE1472DB4FE37688B2F622 /* Pods-showoffTest.release.xcconfig */;
			buildSettings = {
				ASSETCATALOG_COMPILER_APPICON_NAME = AppIcon;
				CODE_SIGN_STYLE = Automatic;
				DEVELOPMENT_TEAM = 5G93XWC2X6;
				INFOPLIST_FILE = showoffInstagramTest/Info.plist;
				LD_RUNPATH_SEARCH_PATHS = (
					"$(inherited)",
					"@executable_path/Frameworks",
				);
				PRODUCT_BUNDLE_IDENTIFIER = com.ElaineCo.showoffInstagramTestV4;
				PRODUCT_NAME = "$(TARGET_NAME)";
				SWIFT_VERSION = 4.0;
				TARGETED_DEVICE_FAMILY = "1,2";
			};
			name = Release;
		};
/* End XCBuildConfiguration section */

/* Begin XCConfigurationList section */
		C12FED2D20ED465100856315 /* Build configuration list for PBXProject "showoffTestV4" */ = {
			isa = XCConfigurationList;
			buildConfigurations = (
				C12FED4220ED465200856315 /* Debug */,
				C12FED4320ED465200856315 /* Release */,
			);
			defaultConfigurationIsVisible = 0;
			defaultConfigurationName = Release;
		};
		C12FED4420ED465200856315 /* Build configuration list for PBXNativeTarget "showoffTestV4" */ = {
			isa = XCConfigurationList;
			buildConfigurations = (
				C12FED4520ED465200856315 /* Debug */,
				C12FED4620ED465200856315 /* Release */,
			);
			defaultConfigurationIsVisible = 0;
			defaultConfigurationName = Release;
		};
/* End XCConfigurationList section */
	};
	rootObject = C12FED2A20ED465100856315 /* Project object */;
}
